lockfileVersion: '9.0'

settings:
  autoInstallPeers: true
  excludeLinksFromLockfile: false

importers:

  .:
    dependencies:
      typescript:
        specifier: ^5
        version: 5.8.3
      voidhash:
        specifier: file:../
        version: file:..
    devDependencies:
      '@types/bun':
        specifier: latest
        version: 1.2.10

packages:

  '@types/bun@1.2.10':
    resolution: {integrity: sha512-eilv6WFM3M0c9ztJt7/g80BDusK98z/FrFwseZgT4bXCq2vPhXD4z8R3oddmAn+R/Nmz9vBn4kweJKmGTZj+lg==}

  '@types/node@22.14.1':
    resolution: {integrity: sha512-u0HuPQwe/dHrItgHHpmw3N2fYCR6x4ivMNbPHRkBVP4CvN+kiRrKHWk3i8tXiO/joPwXLMYvF9TTF0eqgHIuOw==}

  bun-types@1.2.10:
    resolution: {integrity: sha512-b5ITZMnVdf3m1gMvJHG+gIfeJHiQPJak0f7925Hxu6ZN5VKA8AGy4GZ4lM+Xkn6jtWxg5S3ldWvfmXdvnkp3GQ==}

  openapi-fetch@0.13.5:
    resolution: {integrity: sha512-AQK8T9GSKFREFlN1DBXTYsLjs7YV2tZcJ7zUWxbjMoQmj8dDSFRrzhLCbHPZWA1TMV3vACqfCxLEZcwf2wxV6Q==}

  openapi-typescript-helpers@0.0.15:
    resolution: {integrity: sha512-opyTPaunsklCBpTK8JGef6mfPhLSnyy5a0IN9vKtx3+4aExf+KxEqYwIy3hqkedXIB97u357uLMJsOnm3GVjsw==}

  typescript@5.8.3:
    resolution: {integrity: sha512-p1diW6TqL9L07nNxvRMM7hMMw4c5XOo/1ibL4aAIGmSAt9slTE1Xgw5KWuof2uTOvCg9BY7ZRi+GaF+7sfgPeQ==}
    engines: {node: '>=14.17'}
    hasBin: true

  undici-types@6.21.0:
    resolution: {integrity: sha512-iwDZqg0QAGrg9Rav5H4n0M64c3mkR59cJ6wQp+7C4nI0gsmExaedaYLNO44eT4AtBBwjbTiGPMlt2Md0T9H9JQ==}

  voidhash@file:..:
    resolution: {directory: .., type: directory}

snapshots:

  '@types/bun@1.2.10':
    dependencies:
      bun-types: 1.2.10

  '@types/node@22.14.1':
    dependencies:
      undici-types: 6.21.0

  bun-types@1.2.10:
    dependencies:
      '@types/node': 22.14.1

  openapi-fetch@0.13.5:
    dependencies:
      openapi-typescript-helpers: 0.0.15

  openapi-typescript-helpers@0.0.15: {}

  typescript@5.8.3: {}

  undici-types@6.21.0: {}

  voidhash@file:..:
    dependencies:
      openapi-fetch: 0.13.5
